// !$*UTF8*$!
{
	archiveVersion = 1;
	classes = {
	};
	objectVersion = 48;
	objects = {

/* Begin PBXBuildFile section */
		0F060E3D20FD983300BAD633 /* JJAlbumListTableView.m in Sources */ = {isa = PBXBuildFile; fileRef = 0F060E3C20FD983300BAD633 /* JJAlbumListTableView.m */; };
		0F060E4120FDBA6800BAD633 /* UIButton+JJType.m in Sources */ = {isa = PBXBuildFile; fileRef = 0F060E3F20FDBA6800BAD633 /* UIButton+JJType.m */; };
		0FAADF5220D3569F00246592 /* AppDelegate.m in Sources */ = {isa = PBXBuildFile; fileRef = 0FAADF5120D3569F00246592 /* AppDelegate.m */; };
		0FAADF5520D3569F00246592 /* ViewController.m in Sources */ = {isa = PBXBuildFile; fileRef = 0FAADF5420D3569F00246592 /* ViewController.m */; };
		0FAADF5820D3569F00246592 /* Main.storyboard in Resources */ = {isa = PBXBuildFile; fileRef = 0FAADF5620D3569F00246592 /* Main.storyboard */; };
		0FAADF5A20D3569F00246592 /* Assets.xcassets in Resources */ = {isa = PBXBuildFile; fileRef = 0FAADF5920D3569F00246592 /* Assets.xcassets */; };
		0FAADF5D20D3569F00246592 /* LaunchScreen.storyboard in Resources */ = {isa = PBXBuildFile; fileRef = 0FAADF5B20D3569F00246592 /* LaunchScreen.storyboard */; };
		0FAADF6020D3569F00246592 /* main.m in Sources */ = {isa = PBXBuildFile; fileRef = 0FAADF5F20D3569F00246592 /* main.m */; };
		0FAADF6A20D3569F00246592 /* __Tests.m in Sources */ = {isa = PBXBuildFile; fileRef = 0FAADF6920D3569F00246592 /* __Tests.m */; };
		0FAADF7520D3569F00246592 /* __UITests.m in Sources */ = {isa = PBXBuildFile; fileRef = 0FAADF7420D3569F00246592 /* __UITests.m */; };
		0FAADF9520D356D300246592 /* JJAblumInfo.m in Sources */ = {isa = PBXBuildFile; fileRef = 0FAADF8420D356D300246592 /* JJAblumInfo.m */; };
		0FAADF9620D356D300246592 /* JJAddPhotoCollectionViewCell.m in Sources */ = {isa = PBXBuildFile; fileRef = 0FAADF8620D356D300246592 /* JJAddPhotoCollectionViewCell.m */; };
		0FAADF9720D356D300246592 /* JJAddPhotosCollectionView.m in Sources */ = {isa = PBXBuildFile; fileRef = 0FAADF8820D356D300246592 /* JJAddPhotosCollectionView.m */; };
		0FAADF9820D356D300246592 /* JJPhotoManager.m in Sources */ = {isa = PBXBuildFile; fileRef = 0FAADF8A20D356D300246592 /* JJPhotoManager.m */; };
		0FAADF9920D356D300246592 /* JJPhotosCollection.m in Sources */ = {isa = PBXBuildFile; fileRef = 0FAADF8C20D356D300246592 /* JJPhotosCollection.m */; };
		0FAADF9A20D356D300246592 /* JJPhotosCollectionCell.m in Sources */ = {isa = PBXBuildFile; fileRef = 0FAADF8E20D356D300246592 /* JJPhotosCollectionCell.m */; };
		0FAADF9B20D356D300246592 /* JJPhotosCollectionFlowLayout.m in Sources */ = {isa = PBXBuildFile; fileRef = 0FAADF9020D356D300246592 /* JJPhotosCollectionFlowLayout.m */; };
		0FAADF9C20D356D300246592 /* JJPhotosViewController.m in Sources */ = {isa = PBXBuildFile; fileRef = 0FAADF9220D356D300246592 /* JJPhotosViewController.m */; };
		0FAADF9D20D356D300246592 /* JJShowPhotosVIew.m in Sources */ = {isa = PBXBuildFile; fileRef = 0FAADF9420D356D300246592 /* JJShowPhotosVIew.m */; };
		0FAADFA920D35CF800246592 /* JJWebImageManager.m in Sources */ = {isa = PBXBuildFile; fileRef = 0FAADFA120D35CF800246592 /* JJWebImageManager.m */; };
		0FAADFAA20D35CF800246592 /* loading.gif in Resources */ = {isa = PBXBuildFile; fileRef = 0FAADFA220D35CF800246592 /* loading.gif */; };
		0FAADFAB20D35CF800246592 /* UIImage+JJLocationGif.m in Sources */ = {isa = PBXBuildFile; fileRef = 0FAADFA420D35CF800246592 /* UIImage+JJLocationGif.m */; };
		0FAADFAC20D35CF800246592 /* UIImageView+JJCache.m in Sources */ = {isa = PBXBuildFile; fileRef = 0FAADFA620D35CF800246592 /* UIImageView+JJCache.m */; };
		0FAADFAD20D35CF800246592 /* UIImageView+JJGif.m in Sources */ = {isa = PBXBuildFile; fileRef = 0FAADFA820D35CF800246592 /* UIImageView+JJGif.m */; };
/* End PBXBuildFile section */

/* Begin PBXContainerItemProxy section */
		0FAADF6620D3569F00246592 /* PBXContainerItemProxy */ = {
			isa = PBXContainerItemProxy;
			containerPortal = 0FAADF4520D3569F00246592 /* Project object */;
			proxyType = 1;
			remoteGlobalIDString = 0FAADF4C20D3569F00246592;
			remoteInfo = "相册";
		};
		0FAADF7120D3569F00246592 /* PBXContainerItemProxy */ = {
			isa = PBXContainerItemProxy;
			containerPortal = 0FAADF4520D3569F00246592 /* Project object */;
			proxyType = 1;
			remoteGlobalIDString = 0FAADF4C20D3569F00246592;
			remoteInfo = "相册";
		};
/* End PBXContainerItemProxy section */

/* Begin PBXFileReference section */
		0F060E3B20FD983300BAD633 /* JJAlbumListTableView.h */ = {isa = PBXFileReference; lastKnownFileType = sourcecode.c.h; path = JJAlbumListTableView.h; sourceTree = "<group>"; };
		0F060E3C20FD983300BAD633 /* JJAlbumListTableView.m */ = {isa = PBXFileReference; lastKnownFileType = sourcecode.c.objc; path = JJAlbumListTableView.m; sourceTree = "<group>"; };
		0F060E3F20FDBA6800BAD633 /* UIButton+JJType.m */ = {isa = PBXFileReference; fileEncoding = 4; lastKnownFileType = sourcecode.c.objc; path = "UIButton+JJType.m"; sourceTree = "<group>"; };
		0F060E4020FDBA6800BAD633 /* UIButton+JJType.h */ = {isa = PBXFileReference; fileEncoding = 4; lastKnownFileType = sourcecode.c.h; path = "UIButton+JJType.h"; sourceTree = "<group>"; };
		0FAADF4D20D3569F00246592 /* 相册.app */ = {isa = PBXFileReference; explicitFileType = wrapper.application; includeInIndex = 0; path = "相册.app"; sourceTree = BUILT_PRODUCTS_DIR; };
		0FAADF5020D3569F00246592 /* AppDelegate.h */ = {isa = PBXFileReference; lastKnownFileType = sourcecode.c.h; path = AppDelegate.h; sourceTree = "<group>"; };
		0FAADF5120D3569F00246592 /* AppDelegate.m */ = {isa = PBXFileReference; lastKnownFileType = sourcecode.c.objc; path = AppDelegate.m; sourceTree = "<group>"; };
		0FAADF5320D3569F00246592 /* ViewController.h */ = {isa = PBXFileReference; lastKnownFileType = sourcecode.c.h; path = ViewController.h; sourceTree = "<group>"; };
		0FAADF5420D3569F00246592 /* ViewController.m */ = {isa = PBXFileReference; lastKnownFileType = sourcecode.c.objc; path = ViewController.m; sourceTree = "<group>"; };
		0FAADF5720D3569F00246592 /* Base */ = {isa = PBXFileReference; lastKnownFileType = file.storyboard; name = Base; path = Base.lproj/Main.storyboard; sourceTree = "<group>"; };
		0FAADF5920D3569F00246592 /* Assets.xcassets */ = {isa = PBXFileReference; lastKnownFileType = folder.assetcatalog; path = Assets.xcassets; sourceTree = "<group>"; };
		0FAADF5C20D3569F00246592 /* Base */ = {isa = PBXFileReference; lastKnownFileType = file.storyboard; name = Base; path = Base.lproj/LaunchScreen.storyboard; sourceTree = "<group>"; };
		0FAADF5E20D3569F00246592 /* Info.plist */ = {isa = PBXFileReference; lastKnownFileType = text.plist.xml; path = Info.plist; sourceTree = "<group>"; };
		0FAADF5F20D3569F00246592 /* main.m */ = {isa = PBXFileReference; lastKnownFileType = sourcecode.c.objc; path = main.m; sourceTree = "<group>"; };
		0FAADF6520D3569F00246592 /* 相册Tests.xctest */ = {isa = PBXFileReference; explicitFileType = wrapper.cfbundle; includeInIndex = 0; path = "相册Tests.xctest"; sourceTree = BUILT_PRODUCTS_DIR; };
		0FAADF6920D3569F00246592 /* __Tests.m */ = {isa = PBXFileReference; lastKnownFileType = sourcecode.c.objc; path = __Tests.m; sourceTree = "<group>"; };
		0FAADF6B20D3569F00246592 /* Info.plist */ = {isa = PBXFileReference; lastKnownFileType = text.plist.xml; path = Info.plist; sourceTree = "<group>"; };
		0FAADF7020D3569F00246592 /* 相册UITests.xctest */ = {isa = PBXFileReference; explicitFileType = wrapper.cfbundle; includeInIndex = 0; path = "相册UITests.xctest"; sourceTree = BUILT_PRODUCTS_DIR; };
		0FAADF7420D3569F00246592 /* __UITests.m */ = {isa = PBXFileReference; lastKnownFileType = sourcecode.c.objc; path = __UITests.m; sourceTree = "<group>"; };
		0FAADF7620D3569F00246592 /* Info.plist */ = {isa = PBXFileReference; lastKnownFileType = text.plist.xml; path = Info.plist; sourceTree = "<group>"; };
		0FAADF8320D356D300246592 /* JJAblumInfo.h */ = {isa = PBXFileReference; fileEncoding = 4; lastKnownFileType = sourcecode.c.h; path = JJAblumInfo.h; sourceTree = "<group>"; };
		0FAADF8420D356D300246592 /* JJAblumInfo.m */ = {isa = PBXFileReference; fileEncoding = 4; lastKnownFileType = sourcecode.c.objc; path = JJAblumInfo.m; sourceTree = "<group>"; };
		0FAADF8520D356D300246592 /* JJAddPhotoCollectionViewCell.h */ = {isa = PBXFileReference; fileEncoding = 4; lastKnownFileType = sourcecode.c.h; path = JJAddPhotoCollectionViewCell.h; sourceTree = "<group>"; };
		0FAADF8620D356D300246592 /* JJAddPhotoCollectionViewCell.m */ = {isa = PBXFileReference; fileEncoding = 4; lastKnownFileType = sourcecode.c.objc; path = JJAddPhotoCollectionViewCell.m; sourceTree = "<group>"; };
		0FAADF8720D356D300246592 /* JJAddPhotosCollectionView.h */ = {isa = PBXFileReference; fileEncoding = 4; lastKnownFileType = sourcecode.c.h; path = JJAddPhotosCollectionView.h; sourceTree = "<group>"; };
		0FAADF8820D356D300246592 /* JJAddPhotosCollectionView.m */ = {isa = PBXFileReference; fileEncoding = 4; lastKnownFileType = sourcecode.c.objc; path = JJAddPhotosCollectionView.m; sourceTree = "<group>"; };
		0FAADF8920D356D300246592 /* JJPhotoManager.h */ = {isa = PBXFileReference; fileEncoding = 4; lastKnownFileType = sourcecode.c.h; path = JJPhotoManager.h; sourceTree = "<group>"; };
		0FAADF8A20D356D300246592 /* JJPhotoManager.m */ = {isa = PBXFileReference; fileEncoding = 4; lastKnownFileType = sourcecode.c.objc; path = JJPhotoManager.m; sourceTree = "<group>"; };
		0FAADF8B20D356D300246592 /* JJPhotosCollection.h */ = {isa = PBXFileReference; fileEncoding = 4; lastKnownFileType = sourcecode.c.h; path = JJPhotosCollection.h; sourceTree = "<group>"; };
		0FAADF8C20D356D300246592 /* JJPhotosCollection.m */ = {isa = PBXFileReference; fileEncoding = 4; lastKnownFileType = sourcecode.c.objc; path = JJPhotosCollection.m; sourceTree = "<group>"; };
		0FAADF8D20D356D300246592 /* JJPhotosCollectionCell.h */ = {isa = PBXFileReference; fileEncoding = 4; lastKnownFileType = sourcecode.c.h; path = JJPhotosCollectionCell.h; sourceTree = "<group>"; };
		0FAADF8E20D356D300246592 /* JJPhotosCollectionCell.m */ = {isa = PBXFileReference; fileEncoding = 4; lastKnownFileType = sourcecode.c.objc; path = JJPhotosCollectionCell.m; sourceTree = "<group>"; };
		0FAADF8F20D356D300246592 /* JJPhotosCollectionFlowLayout.h */ = {isa = PBXFileReference; fileEncoding = 4; lastKnownFileType = sourcecode.c.h; path = JJPhotosCollectionFlowLayout.h; sourceTree = "<group>"; };
		0FAADF9020D356D300246592 /* JJPhotosCollectionFlowLayout.m */ = {isa = PBXFileReference; fileEncoding = 4; lastKnownFileType = sourcecode.c.objc; path = JJPhotosCollectionFlowLayout.m; sourceTree = "<group>"; };
		0FAADF9120D356D300246592 /* JJPhotosViewController.h */ = {isa = PBXFileReference; fileEncoding = 4; lastKnownFileType = sourcecode.c.h; path = JJPhotosViewController.h; sourceTree = "<group>"; };
		0FAADF9220D356D300246592 /* JJPhotosViewController.m */ = {isa = PBXFileReference; fileEncoding = 4; lastKnownFileType = sourcecode.c.objc; path = JJPhotosViewController.m; sourceTree = "<group>"; };
		0FAADF9320D356D300246592 /* JJShowPhotosVIew.h */ = {isa = PBXFileReference; fileEncoding = 4; lastKnownFileType = sourcecode.c.h; path = JJShowPhotosVIew.h; sourceTree = "<group>"; };
		0FAADF9420D356D300246592 /* JJShowPhotosVIew.m */ = {isa = PBXFileReference; fileEncoding = 4; lastKnownFileType = sourcecode.c.objc; path = JJShowPhotosVIew.m; sourceTree = "<group>"; };
		0FAADF9F20D35CF800246592 /* JJWebImage.h */ = {isa = PBXFileReference; fileEncoding = 4; lastKnownFileType = sourcecode.c.h; path = JJWebImage.h; sourceTree = "<group>"; };
		0FAADFA020D35CF800246592 /* JJWebImageManager.h */ = {isa = PBXFileReference; fileEncoding = 4; lastKnownFileType = sourcecode.c.h; path = JJWebImageManager.h; sourceTree = "<group>"; };
		0FAADFA120D35CF800246592 /* JJWebImageManager.m */ = {isa = PBXFileReference; fileEncoding = 4; lastKnownFileType = sourcecode.c.objc; path = JJWebImageManager.m; sourceTree = "<group>"; };
		0FAADFA220D35CF800246592 /* loading.gif */ = {isa = PBXFileReference; lastKnownFileType = image.gif; path = loading.gif; sourceTree = "<group>"; };
		0FAADFA320D35CF800246592 /* UIImage+JJLocationGif.h */ = {isa = PBXFileReference; fileEncoding = 4; lastKnownFileType = sourcecode.c.h; path = "UIImage+JJLocationGif.h"; sourceTree = "<group>"; };
		0FAADFA420D35CF800246592 /* UIImage+JJLocationGif.m */ = {isa = PBXFileReference; fileEncoding = 4; lastKnownFileType = sourcecode.c.objc; path = "UIImage+JJLocationGif.m"; sourceTree = "<group>"; };
		0FAADFA520D35CF800246592 /* UIImageView+JJCache.h */ = {isa = PBXFileReference; fileEncoding = 4; lastKnownFileType = sourcecode.c.h; path = "UIImageView+JJCache.h"; sourceTree = "<group>"; };
		0FAADFA620D35CF800246592 /* UIImageView+JJCache.m */ = {isa = PBXFileReference; fileEncoding = 4; lastKnownFileType = sourcecode.c.objc; path = "UIImageView+JJCache.m"; sourceTree = "<group>"; };
		0FAADFA720D35CF800246592 /* UIImageView+JJGif.h */ = {isa = PBXFileReference; fileEncoding = 4; lastKnownFileType = sourcecode.c.h; path = "UIImageView+JJGif.h"; sourceTree = "<group>"; };
		0FAADFA820D35CF800246592 /* UIImageView+JJGif.m */ = {isa = PBXFileReference; fileEncoding = 4; lastKnownFileType = sourcecode.c.objc; path = "UIImageView+JJGif.m"; sourceTree = "<group>"; };
/* End PBXFileReference section */

/* Begin PBXFrameworksBuildPhase section */
		0FAADF4A20D3569F00246592 /* Frameworks */ = {
			isa = PBXFrameworksBuildPhase;
			buildActionMask = 2147483647;
			files = (
			);
			runOnlyForDeploymentPostprocessing = 0;
		};
		0FAADF6220D3569F00246592 /* Frameworks */ = {
			isa = PBXFrameworksBuildPhase;
			buildActionMask = 2147483647;
			files = (
			);
			runOnlyForDeploymentPostprocessing = 0;
		};
		0FAADF6D20D3569F00246592 /* Frameworks */ = {
			isa = PBXFrameworksBuildPhase;
			buildActionMask = 2147483647;
			files = (
			);
			runOnlyForDeploymentPostprocessing = 0;
		};
/* End PBXFrameworksBuildPhase section */

/* Begin PBXGroup section */
		0F060E3E20FDBA5700BAD633 /* JJTools */ = {
			isa = PBXGroup;
			children = (
			);
			path = JJTools;
			sourceTree = "<group>";
		};
		0FAADF4420D3569F00246592 = {
			isa = PBXGroup;
			children = (
				0FAADF4F20D3569F00246592 /* 相册 */,
				0FAADF6820D3569F00246592 /* 相册Tests */,
				0FAADF7320D3569F00246592 /* 相册UITests */,
				0FAADF4E20D3569F00246592 /* Products */,
			);
			sourceTree = "<group>";
		};
		0FAADF4E20D3569F00246592 /* Products */ = {
			isa = PBXGroup;
			children = (
				0FAADF4D20D3569F00246592 /* 相册.app */,
				0FAADF6520D3569F00246592 /* 相册Tests.xctest */,
				0FAADF7020D3569F00246592 /* 相册UITests.xctest */,
			);
			name = Products;
			sourceTree = "<group>";
		};
		0FAADF4F20D3569F00246592 /* 相册 */ = {
			isa = PBXGroup;
			children = (
				0F060E3E20FDBA5700BAD633 /* JJTools */,
				0FAADF9E20D35CF800246592 /* JJWebImage */,
				0FAADF8220D356D300246592 /* JJPhotos */,
				0FAADF5020D3569F00246592 /* AppDelegate.h */,
				0FAADF5120D3569F00246592 /* AppDelegate.m */,
				0FAADF5320D3569F00246592 /* ViewController.h */,
				0FAADF5420D3569F00246592 /* ViewController.m */,
				0FAADF5620D3569F00246592 /* Main.storyboard */,
				0FAADF5920D3569F00246592 /* Assets.xcassets */,
				0FAADF5B20D3569F00246592 /* LaunchScreen.storyboard */,
				0FAADF5E20D3569F00246592 /* Info.plist */,
				0FAADF5F20D3569F00246592 /* main.m */,
			);
			path = "相册";
			sourceTree = "<group>";
		};
		0FAADF6820D3569F00246592 /* 相册Tests */ = {
			isa = PBXGroup;
			children = (
				0FAADF6920D3569F00246592 /* __Tests.m */,
				0FAADF6B20D3569F00246592 /* Info.plist */,
			);
			path = "相册Tests";
			sourceTree = "<group>";
		};
		0FAADF7320D3569F00246592 /* 相册UITests */ = {
			isa = PBXGroup;
			children = (
				0FAADF7420D3569F00246592 /* __UITests.m */,
				0FAADF7620D3569F00246592 /* Info.plist */,
			);
			path = "相册UITests";
			sourceTree = "<group>";
		};
		0FAADF8220D356D300246592 /* JJPhotos */ = {
			isa = PBXGroup;
			children = (
				0FAADF8320D356D300246592 /* JJAblumInfo.h */,
				0FAADF8420D356D300246592 /* JJAblumInfo.m */,
				0FAADF8520D356D300246592 /* JJAddPhotoCollectionViewCell.h */,
				0FAADF8620D356D300246592 /* JJAddPhotoCollectionViewCell.m */,
				0FAADF8720D356D300246592 /* JJAddPhotosCollectionView.h */,
				0FAADF8820D356D300246592 /* JJAddPhotosCollectionView.m */,
				0FAADF8920D356D300246592 /* JJPhotoManager.h */,
				0FAADF8A20D356D300246592 /* JJPhotoManager.m */,
				0FAADF8B20D356D300246592 /* JJPhotosCollection.h */,
				0FAADF8C20D356D300246592 /* JJPhotosCollection.m */,
				0FAADF8D20D356D300246592 /* JJPhotosCollectionCell.h */,
				0FAADF8E20D356D300246592 /* JJPhotosCollectionCell.m */,
				0FAADF8F20D356D300246592 /* JJPhotosCollectionFlowLayout.h */,
				0FAADF9020D356D300246592 /* JJPhotosCollectionFlowLayout.m */,
				0FAADF9120D356D300246592 /* JJPhotosViewController.h */,
				0FAADF9220D356D300246592 /* JJPhotosViewController.m */,
				0F060E3B20FD983300BAD633 /* JJAlbumListTableView.h */,
				0F060E3C20FD983300BAD633 /* JJAlbumListTableView.m */,
				0FAADF9320D356D300246592 /* JJShowPhotosVIew.h */,
				0FAADF9420D356D300246592 /* JJShowPhotosVIew.m */,
				0F060E4020FDBA6800BAD633 /* UIButton+JJType.h */,
				0F060E3F20FDBA6800BAD633 /* UIButton+JJType.m */,
			);
			path = JJPhotos;
			sourceTree = "<group>";
		};
		0FAADF9E20D35CF800246592 /* JJWebImage */ = {
			isa = PBXGroup;
			children = (
				0FAADF9F20D35CF800246592 /* JJWebImage.h */,
				0FAADFA020D35CF800246592 /* JJWebImageManager.h */,
				0FAADFA120D35CF800246592 /* JJWebImageManager.m */,
				0FAADFA220D35CF800246592 /* loading.gif */,
				0FAADFA320D35CF800246592 /* UIImage+JJLocationGif.h */,
				0FAADFA420D35CF800246592 /* UIImage+JJLocationGif.m */,
				0FAADFA520D35CF800246592 /* UIImageView+JJCache.h */,
				0FAADFA620D35CF800246592 /* UIImageView+JJCache.m */,
				0FAADFA720D35CF800246592 /* UIImageView+JJGif.h */,
				0FAADFA820D35CF800246592 /* UIImageView+JJGif.m */,
			);
			path = JJWebImage;
			sourceTree = "<group>";
		};
/* End PBXGroup section */

/* Begin PBXNativeTarget section */
		0FAADF4C20D3569F00246592 /* 相册 */ = {
			isa = PBXNativeTarget;
			buildConfigurationList = 0FAADF7920D3569F00246592 /* Build configuration list for PBXNativeTarget "相册" */;
			buildPhases = (
				0FAADF4920D3569F00246592 /* Sources */,
				0FAADF4A20D3569F00246592 /* Frameworks */,
				0FAADF4B20D3569F00246592 /* Resources */,
			);
			buildRules = (
			);
			dependencies = (
			);
			name = "相册";
			productName = "相册";
			productReference = 0FAADF4D20D3569F00246592 /* 相册.app */;
			productType = "com.apple.product-type.application";
		};
		0FAADF6420D3569F00246592 /* 相册Tests */ = {
			isa = PBXNativeTarget;
			buildConfigurationList = 0FAADF7C20D3569F00246592 /* Build configuration list for PBXNativeTarget "相册Tests" */;
			buildPhases = (
				0FAADF6120D3569F00246592 /* Sources */,
				0FAADF6220D3569F00246592 /* Frameworks */,
				0FAADF6320D3569F00246592 /* Resources */,
			);
			buildRules = (
			);
			dependencies = (
				0FAADF6720D3569F00246592 /* PBXTargetDependency */,
			);
			name = "相册Tests";
			productName = "相册Tests";
			productReference = 0FAADF6520D3569F00246592 /* 相册Tests.xctest */;
			productType = "com.apple.product-type.bundle.unit-test";
		};
		0FAADF6F20D3569F00246592 /* 相册UITests */ = {
			isa = PBXNativeTarget;
			buildConfigurationList = 0FAADF7F20D3569F00246592 /* Build configuration list for PBXNativeTarget "相册UITests" */;
			buildPhases = (
				0FAADF6C20D3569F00246592 /* Sources */,
				0FAADF6D20D3569F00246592 /* Frameworks */,
				0FAADF6E20D3569F00246592 /* Resources */,
			);
			buildRules = (
			);
			dependencies = (
				0FAADF7220D3569F00246592 /* PBXTargetDependency */,
			);
			name = "相册UITests";
			productName = "相册UITests";
			productReference = 0FAADF7020D3569F00246592 /* 相册UITests.xctest */;
			productType = "com.apple.product-type.bundle.ui-testing";
		};
/* End PBXNativeTarget section */

/* Begin PBXProject section */
		0FAADF4520D3569F00246592 /* Project object */ = {
			isa = PBXProject;
			attributes = {
				LastUpgradeCheck = 0920;
				ORGANIZATIONNAME = "冀佳伟";
				TargetAttributes = {
					0FAADF4C20D3569F00246592 = {
						CreatedOnToolsVersion = 9.2;
						ProvisioningStyle = Automatic;
					};
					0FAADF6420D3569F00246592 = {
						CreatedOnToolsVersion = 9.2;
						ProvisioningStyle = Automatic;
						TestTargetID = 0FAADF4C20D3569F00246592;
					};
					0FAADF6F20D3569F00246592 = {
						CreatedOnToolsVersion = 9.2;
						ProvisioningStyle = Automatic;
						TestTargetID = 0FAADF4C20D3569F00246592;
					};
				};
			};
			buildConfigurationList = 0FAADF4820D3569F00246592 /* Build configuration list for PBXProject "相册" */;
			compatibilityVersion = "Xcode 8.0";
			developmentRegion = en;
			hasScannedForEncodings = 0;
			knownRegions = (
				en,
				Base,
			);
			mainGroup = 0FAADF4420D3569F00246592;
			productRefGroup = 0FAADF4E20D3569F00246592 /* Products */;
			projectDirPath = "";
			projectRoot = "";
			targets = (
				0FAADF4C20D3569F00246592 /* 相册 */,
				0FAADF6420D3569F00246592 /* 相册Tests */,
				0FAADF6F20D3569F00246592 /* 相册UITests */,
			);
		};
/* End PBXProject section */

/* Begin PBXResourcesBuildPhase section */
		0FAADF4B20D3569F00246592 /* Resources */ = {
			isa = PBXResourcesBuildPhase;
			buildActionMask = 2147483647;
			files = (
				0FAADF5D20D3569F00246592 /* LaunchScreen.storyboard in Resources */,
				0FAADFAA20D35CF800246592 /* loading.gif in Resources */,
				0FAADF5A20D3569F00246592 /* Assets.xcassets in Resources */,
				0FAADF5820D3569F00246592 /* Main.storyboard in Resources */,
			);
			runOnlyForDeploymentPostprocessing = 0;
		};
		0FAADF6320D3569F00246592 /* Resources */ = {
			isa = PBXResourcesBuildPhase;
			buildActionMask = 2147483647;
			files = (
			);
			runOnlyForDeploymentPostprocessing = 0;
		};
		0FAADF6E20D3569F00246592 /* Resources */ = {
			isa = PBXResourcesBuildPhase;
			buildActionMask = 2147483647;
			files = (
			);
			runOnlyForDeploymentPostprocessing = 0;
		};
/* End PBXResourcesBuildPhase section */

/* Begin PBXSourcesBuildPhase section */
		0FAADF4920D3569F00246592 /* Sources */ = {
			isa = PBXSourcesBuildPhase;
			buildActionMask = 2147483647;
			files = (
				0F060E3D20FD983300BAD633 /* JJAlbumListTableView.m in Sources */,
				0FAADF9B20D356D300246592 /* JJPhotosCollectionFlowLayout.m in Sources */,
				0FAADF5520D3569F00246592 /* ViewController.m in Sources */,
				0F060E4120FDBA6800BAD633 /* UIButton+JJType.m in Sources */,
				0FAADFA920D35CF800246592 /* JJWebImageManager.m in Sources */,
				0FAADFAB20D35CF800246592 /* UIImage+JJLocationGif.m in Sources */,
				0FAADF9720D356D300246592 /* JJAddPhotosCollectionView.m in Sources */,
				0FAADF9520D356D300246592 /* JJAblumInfo.m in Sources */,
				0FAADF6020D3569F00246592 /* main.m in Sources */,
				0FAADF9920D356D300246592 /* JJPhotosCollection.m in Sources */,
				0FAADF9D20D356D300246592 /* JJShowPhotosVIew.m in Sources */,
				0FAADF5220D3569F00246592 /* AppDelegate.m in Sources */,
				0FAADF9620D356D300246592 /* JJAddPhotoCollectionViewCell.m in Sources */,
				0FAADF9A20D356D300246592 /* JJPhotosCollectionCell.m in Sources */,
				0FAADF9C20D356D300246592 /* JJPhotosViewController.m in Sources */,
				0FAADFAC20D35CF800246592 /* UIImageView+JJCache.m in Sources */,
				0FAADF9820D356D300246592 /* JJPhotoManager.m in Sources */,
				0FAADFAD20D35CF800246592 /* UIImageView+JJGif.m in Sources */,
			);
			runOnlyForDeploymentPostprocessing = 0;
		};
		0FAADF6120D3569F00246592 /* Sources */ = {
			isa = PBXSourcesBuildPhase;
			buildActionMask = 2147483647;
			files = (
				0FAADF6A20D3569F00246592 /* __Tests.m in Sources */,
			);
			runOnlyForDeploymentPostprocessing = 0;
		};
		0FAADF6C20D3569F00246592 /* Sources */ = {
			isa = PBXSourcesBuildPhase;
			buildActionMask = 2147483647;
			files = (
				0FAADF7520D3569F00246592 /* __UITests.m in Sources */,
			);
			runOnlyForDeploymentPostprocessing = 0;
		};
/* End PBXSourcesBuildPhase section */

/* Begin PBXTargetDependency section */
		0FAADF6720D3569F00246592 /* PBXTargetDependency */ = {
			isa = PBXTargetDependency;
			target = 0FAADF4C20D3569F00246592 /* 相册 */;
			targetProxy = 0FAADF6620D3569F00246592 /* PBXContainerItemProxy */;
		};
		0FAADF7220D3569F00246592 /* PBXTargetDependency */ = {
			isa = PBXTargetDependency;
			target = 0FAADF4C20D3569F00246592 /* 相册 */;
			targetProxy = 0FAADF7120D3569F00246592 /* PBXContainerItemProxy */;
		};
/* End PBXTargetDependency section */

/* Begin PBXVariantGroup section */
		0FAADF5620D3569F00246592 /* Main.storyboard */ = {
			isa = PBXVariantGroup;
			children = (
				0FAADF5720D3569F00246592 /* Base */,
			);
			name = Main.storyboard;
			sourceTree = "<group>";
		};
		0FAADF5B20D3569F00246592 /* LaunchScreen.storyboard */ = {
			isa = PBXVariantGroup;
			children = (
				0FAADF5C20D3569F00246592 /* Base */,
			);
			name = LaunchScreen.storyboard;
			sourceTree = "<group>";
		};
/* End PBXVariantGroup section */

/* Begin XCBuildConfiguration section */
		0FAADF7720D3569F00246592 /* Debug */ = {
			isa = XCBuildConfiguration;
			buildSettings = {
				ALWAYS_SEARCH_USER_PATHS = NO;
				CLANG_ANALYZER_NONNULL = YES;
				CLANG_ANALYZER_NUMBER_OBJECT_CONVERSION = YES_AGGRESSIVE;
				CLANG_CXX_LANGUAGE_STANDARD = "gnu++14";
				CLANG_CXX_LIBRARY = "libc++";
				CLANG_ENABLE_MODULES = YES;
				CLANG_ENABLE_OBJC_ARC = YES;
				CLANG_WARN_BLOCK_CAPTURE_AUTORELEASING = YES;
				CLANG_WARN_BOOL_CONVERSION = YES;
				CLANG_WARN_COMMA = YES;
				CLANG_WARN_CONSTANT_CONVERSION = YES;
				CLANG_WARN_DIRECT_OBJC_ISA_USAGE = YES_ERROR;
				CLANG_WARN_DOCUMENTATION_COMMENTS = YES;
				CLANG_WARN_EMPTY_BODY = YES;
				CLANG_WARN_ENUM_CONVERSION = YES;
				CLANG_WARN_INFINITE_RECURSION = YES;
				CLANG_WARN_INT_CONVERSION = YES;
				CLANG_WARN_NON_LITERAL_NULL_CONVERSION = YES;
				CLANG_WARN_OBJC_LITERAL_CONVERSION = YES;
				CLANG_WARN_OBJC_ROOT_CLASS = YES_ERROR;
				CLANG_WARN_RANGE_LOOP_ANALYSIS = YES;
				CLANG_WARN_STRICT_PROTOTYPES = YES;
				CLANG_WARN_SUSPICIOUS_MOVE = YES;
				CLANG_WARN_UNGUARDED_AVAILABILITY = YES_AGGRESSIVE;
				CLANG_WARN_UNREACHABLE_CODE = YES;
				CLANG_WARN__DUPLICATE_METHOD_MATCH = YES;
				CODE_SIGN_IDENTITY = "iPhone Developer";
				COPY_PHASE_STRIP = NO;
				DEBUG_INFORMATION_FORMAT = dwarf;
				ENABLE_STRICT_OBJC_MSGSEND = YES;
				ENABLE_TESTABILITY = YES;
				GCC_C_LANGUAGE_STANDARD = gnu11;
				GCC_DYNAMIC_NO_PIC = NO;
				GCC_NO_COMMON_BLOCKS = YES;
				GCC_OPTIMIZATION_LEVEL = 0;
				GCC_PREPROCESSOR_DEFINITIONS = (
					"DEBUG=1",
					"$(inherited)",
				);
				GCC_WARN_64_TO_32_BIT_CONVERSION = YES;
				GCC_WARN_ABOUT_RETURN_TYPE = YES_ERROR;
				GCC_WARN_UNDECLARED_SELECTOR = YES;
				GCC_WARN_UNINITIALIZED_AUTOS = YES_AGGRESSIVE;
				GCC_WARN_UNUSED_FUNCTION = YES;
				GCC_WARN_UNUSED_VARIABLE = YES;
				IPHONEOS_DEPLOYMENT_TARGET = 11.2;
				MTL_ENABLE_DEBUG_INFO = YES;
				ONLY_ACTIVE_ARCH = YES;
				SDKROOT = iphoneos;
			};
			name = Debug;
		};
		0FAADF7820D3569F00246592 /* Release */ = {
			isa = XCBuildConfiguration;
			buildSettings = {
				ALWAYS_SEARCH_USER_PATHS = NO;
				CLANG_ANALYZER_NONNULL = YES;
				CLANG_ANALYZER_NUMBER_OBJECT_CONVERSION = YES_AGGRESSIVE;
				CLANG_CXX_LANGUAGE_STANDARD = "gnu++14";
				CLANG_CXX_LIBRARY = "libc++";
				CLANG_ENABLE_MODULES = YES;
				CLANG_ENABLE_OBJC_ARC = YES;
				CLANG_WARN_BLOCK_CAPTURE_AUTORELEASING = YES;
				CLANG_WARN_BOOL_CONVERSION = YES;
				CLANG_WARN_COMMA = YES;
				CLANG_WARN_CONSTANT_CONVERSION = YES;
				CLANG_WARN_DIRECT_OBJC_ISA_USAGE = YES_ERROR;
				CLANG_WARN_DOCUMENTATION_COMMENTS = YES;
				CLANG_WARN_EMPTY_BODY = YES;
				CLANG_WARN_ENUM_CONVERSION = YES;
				CLANG_WARN_INFINITE_RECURSION = YES;
				CLANG_WARN_INT_CONVERSION = YES;
				CLANG_WARN_NON_LITERAL_NULL_CONVERSION = YES;
				CLANG_WARN_OBJC_LITERAL_CONVERSION = YES;
				CLANG_WARN_OBJC_ROOT_CLASS = YES_ERROR;
				CLANG_WARN_RANGE_LOOP_ANALYSIS = YES;
				CLANG_WARN_STRICT_PROTOTYPES = YES;
				CLANG_WARN_SUSPICIOUS_MOVE = YES;
				CLANG_WARN_UNGUARDED_AVAILABILITY = YES_AGGRESSIVE;
				CLANG_WARN_UNREACHABLE_CODE = YES;
				CLANG_WARN__DUPLICATE_METHOD_MATCH = YES;
				CODE_SIGN_IDENTITY = "iPhone Developer";
				COPY_PHASE_STRIP = NO;
				DEBUG_INFORMATION_FORMAT = "dwarf-with-dsym";
				ENABLE_NS_ASSERTIONS = NO;
				ENABLE_STRICT_OBJC_MSGSEND = YES;
				GCC_C_LANGUAGE_STANDARD = gnu11;
				GCC_NO_COMMON_BLOCKS = YES;
				GCC_WARN_64_TO_32_BIT_CONVERSION = YES;
				GCC_WARN_ABOUT_RETURN_TYPE = YES_ERROR;
				GCC_WARN_UNDECLARED_SELECTOR = YES;
				GCC_WARN_UNINITIALIZED_AUTOS = YES_AGGRESSIVE;
				GCC_WARN_UNUSED_FUNCTION = YES;
				GCC_WARN_UNUSED_VARIABLE = YES;
				IPHONEOS_DEPLOYMENT_TARGET = 11.2;
				MTL_ENABLE_DEBUG_INFO = NO;
				SDKROOT = iphoneos;
				VALIDATE_PRODUCT = YES;
			};
			name = Release;
		};
		0FAADF7A20D3569F00246592 /* Debug */ = {
			isa = XCBuildConfiguration;
			buildSettings = {
				ASSETCATALOG_COMPILER_APPICON_NAME = AppIcon;
				CODE_SIGN_STYLE = Automatic;
				DEVELOPMENT_TEAM = FC8P2LNWW9;
				INFOPLIST_FILE = "相册/Info.plist";
				IPHONEOS_DEPLOYMENT_TARGET = 9.3;
				LD_RUNPATH_SEARCH_PATHS = "$(inherited) @executable_path/Frameworks";
				PRODUCT_BUNDLE_IDENTIFIER = JJPhoto;
				PRODUCT_NAME = "$(TARGET_NAME)";
				TARGETED_DEVICE_FAMILY = "1,2";
			};
			name = Debug;
		};
		0FAADF7B20D3569F00246592 /* Release */ = {
			isa = XCBuildConfiguration;
			buildSettings = {
				ASSETCATALOG_COMPILER_APPICON_NAME = AppIcon;
				CODE_SIGN_STYLE = Automatic;
				DEVELOPMENT_TEAM = FC8P2LNWW9;
				INFOPLIST_FILE = "相册/Info.plist";
				IPHONEOS_DEPLOYMENT_TARGET = 9.3;
				LD_RUNPATH_SEARCH_PATHS = "$(inherited) @executable_path/Frameworks";
				PRODUCT_BUNDLE_IDENTIFIER = JJPhoto;
				PRODUCT_NAME = "$(TARGET_NAME)";
				TARGETED_DEVICE_FAMILY = "1,2";
			};
			name = Release;
		};
		0FAADF7D20D3569F00246592 /* Debug */ = {
			isa = XCBuildConfiguration;
			buildSettings = {
				BUNDLE_LOADER = "$(TEST_HOST)";
				CODE_SIGN_STYLE = Automatic;
				INFOPLIST_FILE = "相册Tests/Info.plist";
				LD_RUNPATH_SEARCH_PATHS = "$(inherited) @executable_path/Frameworks @loader_path/Frameworks";
				PRODUCT_BUNDLE_IDENTIFIER = "com.---.--Tests";
				PRODUCT_NAME = "$(TARGET_NAME)";
				TARGETED_DEVICE_FAMILY = "1,2";
				TEST_HOST = "$(BUILT_PRODUCTS_DIR)/相册.app/相册";
			};
			name = Debug;
		};
		0FAADF7E20D3569F00246592 /* Release */ = {
			isa = XCBuildConfiguration;
			buildSettings = {
				BUNDLE_LOADER = "$(TEST_HOST)";
				CODE_SIGN_STYLE = Automatic;
				INFOPLIST_FILE = "相册Tests/Info.plist";
				LD_RUNPATH_SEARCH_PATHS = "$(inherited) @executable_path/Frameworks @loader_path/Frameworks";
				PRODUCT_BUNDLE_IDENTIFIER = "com.---.--Tests";
				PRODUCT_NAME = "$(TARGET_NAME)";
				TARGETED_DEVICE_FAMILY = "1,2";
				TEST_HOST = "$(BUILT_PRODUCTS_DIR)/相册.app/相册";
			};
			name = Release;
		};
		0FAADF8020D3569F00246592 /* Debug */ = {
			isa = XCBuildConfiguration;
			buildSettings = {
				CODE_SIGN_STYLE = Automatic;
				INFOPLIST_FILE = "相册UITests/Info.plist";
				LD_RUNPATH_SEARCH_PATHS = "$(inherited) @executable_path/Frameworks @loader_path/Frameworks";
				PRODUCT_BUNDLE_IDENTIFIER = "com.---.--UITests";
				PRODUCT_NAME = "$(TARGET_NAME)";
				TARGETED_DEVICE_FAMILY = "1,2";
				TEST_TARGET_NAME = "相册";
			};
			name = Debug;
		};
		0FAADF8120D3569F00246592 /* Release */ = {
			isa = XCBuildConfiguration;
			buildSettings = {
				CODE_SIGN_STYLE = Automatic;
				INFOPLIST_FILE = "相册UITests/Info.plist";
				LD_RUNPATH_SEARCH_PATHS = "$(inherited) @executable_path/Frameworks @loader_path/Frameworks";
				PRODUCT_BUNDLE_IDENTIFIER = "com.---.--UITests";
				PRODUCT_NAME = "$(TARGET_NAME)";
				TARGETED_DEVICE_FAMILY = "1,2";
				TEST_TARGET_NAME = "相册";
			};
			name = Release;
		};
/* End XCBuildConfiguration section */

/* Begin XCConfigurationList section */
		0FAADF4820D3569F00246592 /* Build configuration list for PBXProject "相册" */ = {
			isa = XCConfigurationList;
			buildConfigurations = (
				0FAADF7720D3569F00246592 /* Debug */,
				0FAADF7820D3569F00246592 /* Release */,
			);
			defaultConfigurationIsVisible = 0;
			defaultConfigurationName = Release;
		};
		0FAADF7920D3569F00246592 /* Build configuration list for PBXNativeTarget "相册" */ = {
			isa = XCConfigurationList;
			buildConfigurations = (
				0FAADF7A20D3569F00246592 /* Debug */,
				0FAADF7B20D3569F00246592 /* Release */,
			);
			defaultConfigurationIsVisible = 0;
			defaultConfigurationName = Release;
		};
		0FAADF7C20D3569F00246592 /* Build configuration list for PBXNativeTarget "相册Tests" */ = {
			isa = XCConfigurationList;
			buildConfigurations = (
				0FAADF7D20D3569F00246592 /* Debug */,
				0FAADF7E20D3569F00246592 /* Release */,
			);
			defaultConfigurationIsVisible = 0;
			defaultConfigurationName = Release;
		};
		0FAADF7F20D3569F00246592 /* Build configuration list for PBXNativeTarget "相册UITests" */ = {
			isa = XCConfigurationList;
			buildConfigurations = (
				0FAADF8020D3569F00246592 /* Debug */,
				0FAADF8120D3569F00246592 /* Release */,
			);
			defaultConfigurationIsVisible = 0;
			defaultConfigurationName = Release;
		};
/* End XCConfigurationList section */
	};
	rootObject = 0FAADF4520D3569F00246592 /* Project object */;
}
